
Microsoft Visual Studio Solution File, Format Version 12.00
# Visual Studio Version 16
VisualStudioVersion = 16.0.31105.61
MinimumVisualStudioVersion = 10.0.40219.1
Project("{9A19103F-16F7-4668-BE54-9A1E7A4F7556}") = "Momias", "Momias.csproj", "{263034C1-9C27-40EF-A595-230E2DBDD8EB}"
EndProject
Global
	GlobalSection(SolutionConfigurationPlatforms) = preSolution
		Debug|Any CPU = Debug|Any CPU
		Release|Any CPU = Release|Any CPU
	EndGlobalSection
	GlobalSection(ProjectConfigurationPlatforms) = postSolution
		{263034C1-9C27-40EF-A595-230E2DBDD8EB}.Debug|Any CPU.ActiveCfg = Debug|Any CPU
		{263034C1-9C27-40EF-A595-230E2DBDD8EB}.Debug|Any CPU.Build.0 = Debug|Any CPU
		{263034C1-9C27-40EF-A595-230E2DBDD8EB}.Release|Any CPU.ActiveCfg = Release|Any CPU
		{263034C1-9C27-40EF-A595-230E2DBDD8EB}.Release|Any CPU.Build.0 = Release|Any CPU
	EndGlobalSection
	GlobalSection(SolutionProperties) = preSolution
		HideSolutionNode = FALSE
	EndGlobalSection
	GlobalSection(ExtensibilityGlobals) = postSolution
		SolutionGuid = {07A4BE91-72AA-44EB-BC38-A40F5C785FAD}
	EndGlobalSection
EndGlobal
